{
  "name": "warmhub-tokens",
  "version": "2.0.0",
  "lockfileVersion": 3,
  "requires": true,
  "packages": {
    "": {
      "name": "warmhub-tokens",
      "version": "2.0.0",
      "license": "MIT",
      "peerDependencies": {
        "tailwindcss": ">=4.0.0"
      },
      "peerDependenciesMeta": {
        "tailwindcss": {
          "optional": true
        }
      }
    }
  }
}
